
Microsoft Visual Studio Solution File, Format Version 12.00
# Visual Studio Version 17
VisualStudioVersion = 17.9.34616.47
MinimumVisualStudioVersion = 10.0.40219.1
Project("{FAE04EC0-301F-11D3-BF4B-00C04F79EFBC}") = "ThePretendCompanyApplication", "ThePretendCompanyApplication\ThePretendCompanyApplication.csproj", "{5A9F9F9E-0CE5-4C15-9053-F18E6FD99C3A}"
EndProject
Project("{FAE04EC0-301F-11D3-BF4B-00C04F79EFBC}") = "TCPData", "TCPData\TCPData.csproj", "{62A18E5A-89C8-4C88-92A3-6C83A19D7B8E}"
EndProject
Project("{FAE04EC0-301F-11D3-BF4B-00C04F79EFBC}") = "TCPExtensions", "TCPExtensions\TCPExtensions.csproj", "{356216F3-3477-4223-8ED8-49DAAFAC9152}"
EndProject
Global
	GlobalSection(SolutionConfigurationPlatforms) = preSolution
		Debug|Any CPU = Debug|Any CPU
		Release|Any CPU = Release|Any CPU
	EndGlobalSection
	GlobalSection(ProjectConfigurationPlatforms) = postSolution
		{5A9F9F9E-0CE5-4C15-9053-F18E6FD99C3A}.Debug|Any CPU.ActiveCfg = Debug|Any CPU
		{5A9F9F9E-0CE5-4C15-9053-F18E6FD99C3A}.Debug|Any CPU.Build.0 = Debug|Any CPU
		{5A9F9F9E-0CE5-4C15-9053-F18E6FD99C3A}.Release|Any CPU.ActiveCfg = Release|Any CPU
		{5A9F9F9E-0CE5-4C15-9053-F18E6FD99C3A}.Release|Any CPU.Build.0 = Release|Any CPU
		{62A18E5A-89C8-4C88-92A3-6C83A19D7B8E}.Debug|Any CPU.ActiveCfg = Debug|Any CPU
		{62A18E5A-89C8-4C88-92A3-6C83A19D7B8E}.Debug|Any CPU.Build.0 = Debug|Any CPU
		{62A18E5A-89C8-4C88-92A3-6C83A19D7B8E}.Release|Any CPU.ActiveCfg = Release|Any CPU
		{62A18E5A-89C8-4C88-92A3-6C83A19D7B8E}.Release|Any CPU.Build.0 = Release|Any CPU
		{356216F3-3477-4223-8ED8-49DAAFAC9152}.Debug|Any CPU.ActiveCfg = Debug|Any CPU
		{356216F3-3477-4223-8ED8-49DAAFAC9152}.Debug|Any CPU.Build.0 = Debug|Any CPU
		{356216F3-3477-4223-8ED8-49DAAFAC9152}.Release|Any CPU.ActiveCfg = Release|Any CPU
		{356216F3-3477-4223-8ED8-49DAAFAC9152}.Release|Any CPU.Build.0 = Release|Any CPU
	EndGlobalSection
	GlobalSection(SolutionProperties) = preSolution
		HideSolutionNode = FALSE
	EndGlobalSection
	GlobalSection(ExtensibilityGlobals) = postSolution
		SolutionGuid = {E6EC3086-7A55-41D9-9469-2461D3102CB9}
	EndGlobalSection
EndGlobal
